<?xml version="1.0" encoding="utf-8"?>
<Project ToolsVersion="4.0" xmlns="http://schemas.microsoft.com/developer/msbuild/2003">
  <ItemGroup>
    <Filter Include="Source Files">
      <UniqueIdentifier>{4FC737F1-C7A5-4376-A066-2A32D752A2FF}</UniqueIdentifier>
      <Extensions>cpp;c;cc;cxx;def;odl;idl;hpj;bat;asm;asmx</Extensions>
    </Filter>
    <Filter Include="Header Files">
      <UniqueIdentifier>{93995380-89BD-4b04-88EB-625FBE52EBFB}</UniqueIdentifier>
      <Extensions>h;hpp;hxx;hm;inl;inc;xsd</Extensions>
    </Filter>
    <Filter Include="Resource Files">
      <UniqueIdentifier>{67DA6AB6-F800-4c08-8B7A-83BB121AAD01}</UniqueIdentifier>
      <Extensions>rc;ico;cur;bmp;dlg;rc2;rct;bin;rgs;gif;jpg;jpeg;jpe;resx;tiff;tif;png;wav</Extensions>
    </Filter>
  </ItemGroup>
  <ItemGroup>
    <ClCompile Include="cedebug.cpp">
      <Filter>Source Files</Filter>
    </ClCompile>
    <ClCompile Include="ceerror.cpp">
      <Filter>Source Files</Filter>
    </ClCompile>
    <ClCompile Include="ceformat.cpp">
      <Filter>Source Files</Filter>
    </ClCompile>
    <ClCompile Include="celib.cpp">
      <Filter>Source Files</Filter>
    </ClCompile>
    <ClCompile Include="module.cpp">
      <Filter>Source Files</Filter>
    </ClCompile>
    <ClCompile Include="pch.cpp">
      <Filter>Source Files</Filter>
    </ClCompile>
    <ClCompile Include="policy.cpp">
      <Filter>Source Files</Filter>
    </ClCompile>
    <ClCompile Include="request.cpp">
      <Filter>Source Files</Filter>
    </ClCompile>
    <ClCompile Include="cerpshim.cpp">
      <Filter>Source Files</Filter>
    </ClCompile>
    <ClCompile Include="cerpshim_i.c">
      <Filter>Source Files</Filter>
    </ClCompile>
    <ClCompile Include="eventlog.cpp">
      <Filter>Source Files</Filter>
    </ClCompile>
    <ClCompile Include="filters.cpp">
      <Filter>Source Files</Filter>
    </ClCompile>
    <ClCompile Include="decoder.cpp">
      <Filter>Source Files</Filter>
    </ClCompile>
  </ItemGroup>
  <ItemGroup>
    <ClInclude Include="module.h">
      <Filter>Header Files</Filter>
    </ClInclude>
    <ClInclude Include="policy.h">
      <Filter>Header Files</Filter>
    </ClInclude>
    <ClInclude Include="resource.h">
      <Filter>Header Files</Filter>
    </ClInclude>
    <ClInclude Include="cerpshim.h">
      <Filter>Header Files</Filter>
    </ClInclude>
    <ClInclude Include="internal.h">
      <Filter>Header Files</Filter>
    </ClInclude>
  </ItemGroup>
  <ItemGroup>
    <ResourceCompile Include="cerpshim.rc">
      <Filter>Resource Files</Filter>
    </ResourceCompile>
  </ItemGroup>
  <ItemGroup>
    <Midl Include="cerpshim.idl">
      <Filter>Source Files</Filter>
    </Midl>
  </ItemGroup>
  <ItemGroup>
    <None Include="cerpshim.def">
      <Filter>Source Files</Filter>
    </None>
  </ItemGroup>
  <ItemGroup>
    <CustomBuild Include="Messages.mc">
      <Filter>Resource Files</Filter>
    </CustomBuild>
  </ItemGroup>
</Project>